
Microsoft Visual Studio Solution File, Format Version 12.00
# Visual Studio Version 17
VisualStudioVersion = 17.0.31612.314
MinimumVisualStudioVersion = 10.0.40219.1
Project("{9A19103F-16F7-4668-BE54-9A1E7A4F7556}") = "BoomPowSharp", "BoomPowSharp\BoomPowSharp.csproj", "{F6AA19AB-803D-4BC7-BC6A-F0BA8B20DB03}"
EndProject
Global
	GlobalSection(SolutionConfigurationPlatforms) = preSolution
		Debug|Any CPU = Debug|Any CPU
		Release|Any CPU = Release|Any CPU
	EndGlobalSection
	GlobalSection(ProjectConfigurationPlatforms) = postSolution
		{F6AA19AB-803D-4BC7-BC6A-F0BA8B20DB03}.Debug|Any CPU.ActiveCfg = Debug|Any CPU
		{F6AA19AB-803D-4BC7-BC6A-F0BA8B20DB03}.Debug|Any CPU.Build.0 = Debug|Any CPU
		{F6AA19AB-803D-4BC7-BC6A-F0BA8B20DB03}.Release|Any CPU.ActiveCfg = Release|Any CPU
		{F6AA19AB-803D-4BC7-BC6A-F0BA8B20DB03}.Release|Any CPU.Build.0 = Release|Any CPU
	EndGlobalSection
	GlobalSection(SolutionProperties) = preSolution
		HideSolutionNode = FALSE
	EndGlobalSection
	GlobalSection(ExtensibilityGlobals) = postSolution
		SolutionGuid = {EE879D57-F23D-42CE-A42A-C980337D1BE7}
	EndGlobalSection
EndGlobal
